
Microsoft Visual Studio Solution File, Format Version 12.00
# Visual Studio Version 17
VisualStudioVersion = 17.3.32804.467
MinimumVisualStudioVersion = 10.0.40219.1
Project("{FAE04EC0-301F-11D3-BF4B-00C04F79EFBC}") = "BlazorAppNet5_3", "BlazorAppNet5_3.csproj", "{A9198BAD-2BE7-4308-8589-6AF0D7712721}"
EndProject
Global
	GlobalSection(SolutionConfigurationPlatforms) = preSolution
		Debug|Any CPU = Debug|Any CPU
		Release|Any CPU = Release|Any CPU
	EndGlobalSection
	GlobalSection(ProjectConfigurationPlatforms) = postSolution
		{A9198BAD-2BE7-4308-8589-6AF0D7712721}.Debug|Any CPU.ActiveCfg = Debug|Any CPU
		{A9198BAD-2BE7-4308-8589-6AF0D7712721}.Debug|Any CPU.Build.0 = Debug|Any CPU
		{A9198BAD-2BE7-4308-8589-6AF0D7712721}.Release|Any CPU.ActiveCfg = Release|Any CPU
		{A9198BAD-2BE7-4308-8589-6AF0D7712721}.Release|Any CPU.Build.0 = Release|Any CPU
	EndGlobalSection
	GlobalSection(SolutionProperties) = preSolution
		HideSolutionNode = FALSE
	EndGlobalSection
	GlobalSection(ExtensibilityGlobals) = postSolution
		SolutionGuid = {969BD61B-8AF0-45F8-AF3A-321793424E31}
	EndGlobalSection
EndGlobal
